
Microsoft Visual Studio Solution File, Format Version 12.00
# Visual Studio Version 16
VisualStudioVersion = 16.0.31005.135
MinimumVisualStudioVersion = 10.0.40219.1
Project("{FAE04EC0-301F-11D3-BF4B-00C04F79EFBC}") = "BD", "BD.csproj", "{526678D9-9E18-4623-B8F9-03FE6BA98E15}"
EndProject
Global
	GlobalSection(SolutionConfigurationPlatforms) = preSolution
		Debug|Any CPU = Debug|Any CPU
		Release|Any CPU = Release|Any CPU
	EndGlobalSection
	GlobalSection(ProjectConfigurationPlatforms) = postSolution
		{526678D9-9E18-4623-B8F9-03FE6BA98E15}.Debug|Any CPU.ActiveCfg = Debug|Any CPU
		{526678D9-9E18-4623-B8F9-03FE6BA98E15}.Debug|Any CPU.Build.0 = Debug|Any CPU
		{526678D9-9E18-4623-B8F9-03FE6BA98E15}.Release|Any CPU.ActiveCfg = Release|Any CPU
		{526678D9-9E18-4623-B8F9-03FE6BA98E15}.Release|Any CPU.Build.0 = Release|Any CPU
	EndGlobalSection
	GlobalSection(SolutionProperties) = preSolution
		HideSolutionNode = FALSE
	EndGlobalSection
	GlobalSection(ExtensibilityGlobals) = postSolution
		SolutionGuid = {D0D260B9-82EF-4295-B3BA-4194D432063E}
	EndGlobalSection
EndGlobal
